{
  "nodes": {
    "apple-silicon": {
      "inputs": {
        "flake-compat": "flake-compat",
        "nixpkgs": [
          "nixpkgs"
        ],
        "rust-overlay": "rust-overlay"
      },
      "locked": {
        "lastModified": 1743541742,
        "narHash": "sha256-1catUn/HjPxJaC8i/6+nlgtrqPQWH0qIaCvWMmeuOPs=",
        "owner": "oliverbestmann",
        "repo": "nixos-apple-silicon",
        "rev": "482744e130c3e8aaf33ec50a2854f9cc83f813f4",
        "type": "github"
      },
      "original": {
        "owner": "oliverbestmann",
        "repo": "nixos-apple-silicon",
        "type": "github"
      }
    },
    "disko": {
      "inputs": {
        "nixpkgs": [
          "nixpkgs"
        ]
      },
      "locked": {
        "lastModified": 1743524395,
        "narHash": "sha256-BXVan1TBC2iDJODFvCoz2XrbAOyZ9KWjwyIkOYwO4Mc=",
        "owner": "nix-community",
        "repo": "disko",
        "rev": "f6dbc8952df9e40afafbe38449751bfad12d64f2",
        "type": "github"
      },
      "original": {
        "owner": "nix-community",
        "repo": "disko",
        "type": "github"
      }
    },
    "flake-compat": {
      "locked": {
        "lastModified": 1688025799,
        "narHash": "sha256-ktpB4dRtnksm9F5WawoIkEneh1nrEvuxb5lJFt1iOyw=",
        "owner": "nix-community",
        "repo": "flake-compat",
        "rev": "8bf105319d44f6b9f0d764efa4fdef9f1cc9ba1c",
        "type": "github"
      },
      "original": {
        "owner": "nix-community",
        "repo": "flake-compat",
        "type": "github"
      }
    },
    "flake-compat_2": {
      "flake": false,
      "locked": {
        "lastModified": 1717312683,
        "narHash": "sha256-FrlieJH50AuvagamEvWMIE6D2OAnERuDboFDYAED/dE=",
        "owner": "nix-community",
        "repo": "flake-compat",
        "rev": "38fd3954cf65ce6faf3d0d45cd26059e059f07ea",
        "type": "github"
      },
      "original": {
        "owner": "nix-community",
        "repo": "flake-compat",
        "type": "github"
      }
    },
    "flake-compat_3": {
      "locked": {
        "lastModified": 1733328505,
        "narHash": "sha256-NeCCThCEP3eCl2l/+27kNNK7QrwZB1IJCrXfrbv5oqU=",
        "owner": "edolstra",
        "repo": "flake-compat",
        "rev": "ff81ac966bb2cae68946d5ed5fc4994f96d0ffec",
        "type": "github"
      },
      "original": {
        "owner": "edolstra",
        "repo": "flake-compat",
        "type": "github"
      }
    },
    "home-manager": {
      "inputs": {
        "nixpkgs": [
          "nixpkgs"
        ]
      },
      "locked": {
        "lastModified": 1743556466,
        "narHash": "sha256-rvU79DJ6rPDxiH0sTp686Vlm+JewwAZPGcwt8OfHJbM=",
        "owner": "nix-community",
        "repo": "home-manager",
        "rev": "5ee44bc7c2e853f144390a12ebe5174ad7e3b9e0",
        "type": "github"
      },
      "original": {
        "owner": "nix-community",
        "repo": "home-manager",
        "type": "github"
      }
    },
    "nix-flatpak": {
      "locked": {
        "lastModified": 1741903049,
        "narHash": "sha256-8Y8brH04JjSLrCLvBEbhK9vOu7lhQhqUBW4kI3tifdI=",
        "owner": "gmodena",
        "repo": "nix-flatpak",
        "rev": "42c7fb2702219b86a8f5969c3475ce594c28f5d0",
        "type": "github"
      },
      "original": {
        "owner": "gmodena",
        "repo": "nix-flatpak",
        "type": "github"
      }
    },
    "nixos-cosmic": {
      "inputs": {
        "flake-compat": "flake-compat_2",
        "nixpkgs": [
          "nixpkgs"
        ],
        "nixpkgs-stable": "nixpkgs-stable",
        "rust-overlay": "rust-overlay_2"
      },
      "locked": {
        "lastModified": 1743552579,
        "narHash": "sha256-gBPNoxsrUIEJFmHagpliB7YiZrIRJWm38g++XEL3ppo=",
        "owner": "lilyinstarlight",
        "repo": "nixos-cosmic",
        "rev": "0d8e18b3615c9f15ddd06c772d3b2aff00e21ac0",
        "type": "github"
      },
      "original": {
        "owner": "lilyinstarlight",
        "repo": "nixos-cosmic",
        "type": "github"
      }
    },
    "nixpkgs": {
      "locked": {
        "lastModified": 1743448293,
        "narHash": "sha256-bmEPmSjJakAp/JojZRrUvNcDX2R5/nuX6bm+seVaGhs=",
        "owner": "NixOS",
        "repo": "nixpkgs",
        "rev": "77b584d61ff80b4cef9245829a6f1dfad5afdfa3",
        "type": "github"
      },
      "original": {
        "id": "nixpkgs",
        "ref": "nixos-unstable",
        "type": "indirect"
      }
    },
    "nixpkgs-stable": {
      "locked": {
        "lastModified": 1743367904,
        "narHash": "sha256-sOos1jZGKmT6xxPvxGQyPTApOunXvScV4lNjBCXd/CI=",
        "owner": "NixOS",
        "repo": "nixpkgs",
        "rev": "7ffe0edc685f14b8c635e3d6591b0bbb97365e6c",
        "type": "github"
      },
      "original": {
        "owner": "NixOS",
        "ref": "nixos-24.11",
        "repo": "nixpkgs",
        "type": "github"
      }
    },
    "nixpkgs-yuzu": {
      "locked": {
        "lastModified": 1709579617,
        "narHash": "sha256-K9rH+z2h+BLaJCCvxno8nd4Cy0j7weiZmAueht2JUDU=",
        "owner": "nixos",
        "repo": "nixpkgs",
        "rev": "95002f7df788ca7b89fb16cd5241345c33839035",
        "type": "github"
      },
      "original": {
        "owner": "nixos",
        "ref": "95002f7",
        "repo": "nixpkgs",
        "type": "github"
      }
    },
    "nixpkgs_2": {
      "locked": {
        "lastModified": 1734323986,
        "narHash": "sha256-m/lh6hYMIWDYHCAsn81CDAiXoT3gmxXI9J987W5tZrE=",
        "owner": "NixOS",
        "repo": "nixpkgs",
        "rev": "394571358ce82dff7411395829aa6a3aad45b907",
        "type": "github"
      },
      "original": {
        "id": "nixpkgs",
        "ref": "nixos-24.11",
        "type": "indirect"
      }
    },
    "root": {
      "inputs": {
        "apple-silicon": "apple-silicon",
        "disko": "disko",
        "home-manager": "home-manager",
        "nix-flatpak": "nix-flatpak",
        "nixos-cosmic": "nixos-cosmic",
        "nixpkgs": "nixpkgs",
        "nixpkgs-yuzu": "nixpkgs-yuzu",
        "zotero-nix": "zotero-nix"
      }
    },
    "rust-overlay": {
      "flake": false,
      "locked": {
        "lastModified": 1686795910,
        "narHash": "sha256-jDa40qRZ0GRQtP9EMZdf+uCbvzuLnJglTUI2JoHfWDc=",
        "owner": "oxalica",
        "repo": "rust-overlay",
        "rev": "5c2b97c0a9bc5217fc3dfb1555aae0fb756d99f9",
        "type": "github"
      },
      "original": {
        "owner": "oxalica",
        "repo": "rust-overlay",
        "type": "github"
      }
    },
    "rust-overlay_2": {
      "inputs": {
        "nixpkgs": [
          "nixos-cosmic",
          "nixpkgs"
        ]
      },
      "locked": {
        "lastModified": 1743475035,
        "narHash": "sha256-uLjVsb4Rxnp1zmFdPCDmdODd4RY6ETOeRj0IkC0ij/4=",
        "owner": "oxalica",
        "repo": "rust-overlay",
        "rev": "bee11c51c2cda3ac57c9e0149d94b86cc1b00d13",
        "type": "github"
      },
      "original": {
        "owner": "oxalica",
        "repo": "rust-overlay",
        "type": "github"
      }
    },
    "systems": {
      "locked": {
        "lastModified": 1681028828,
        "narHash": "sha256-Vy1rq5AaRuLzOxct8nz4T6wlgyUR7zLU309k9mBC768=",
        "owner": "nix-systems",
        "repo": "default",
        "rev": "da67096a3b9bf56a91d16901293e51ba5b49a27e",
        "type": "github"
      },
      "original": {
        "owner": "nix-systems",
        "repo": "default",
        "type": "github"
      }
    },
    "utils": {
      "inputs": {
        "systems": "systems"
      },
      "locked": {
        "lastModified": 1731533236,
        "narHash": "sha256-l0KFg5HjrsfsO/JpG+r7fRrqm12kzFHyUHqHCVpMMbI=",
        "owner": "numtide",
        "repo": "flake-utils",
        "rev": "11707dc2f618dd54ca8739b309ec4fc024de578b",
        "type": "github"
      },
      "original": {
        "id": "flake-utils",
        "type": "indirect"
      }
    },
    "zotero-nix": {
      "inputs": {
        "flake-compat": "flake-compat_3",
        "nixpkgs": "nixpkgs_2",
        "utils": "utils"
      },
      "locked": {
        "lastModified": 1734615353,
        "narHash": "sha256-uHAXT06/H5I+y5u9HYhjDOCXaV+4u7gE699L39IMasM=",
        "owner": "camillemndn",
        "repo": "zotero-nix",
        "rev": "11658a96d13ac42a438bd966bf5ae4e9310c688f",
        "type": "github"
      },
      "original": {
        "owner": "camillemndn",
        "repo": "zotero-nix",
        "type": "github"
      }
    }
  },
  "root": "root",
  "version": 7
}
